// !$*UTF8*$!
{
	archiveVersion = 1;
	classes = {
	};
	objectVersion = 50;
	objects = {

/* Begin PBXBuildFile section */
		E12B1630246A369300870B7F /* Follower.swift in Sources */ = {isa = PBXBuildFile; fileRef = E12B162F246A369300870B7F /* Follower.swift */; };
		E12B1632246A3F8A00870B7F /* User.swift in Sources */ = {isa = PBXBuildFile; fileRef = E12B1631246A3F8A00870B7F /* User.swift */; };
		E12B1634246A43B100870B7F /* NetworkManager.swift in Sources */ = {isa = PBXBuildFile; fileRef = E12B1633246A43B100870B7F /* NetworkManager.swift */; };
		E12B1636246A5CDB00870B7F /* GFError.swift in Sources */ = {isa = PBXBuildFile; fileRef = E12B1635246A5CDB00870B7F /* GFError.swift */; };
		E12B16AB246C6E4900870B7F /* GFFollowerCell.swift in Sources */ = {isa = PBXBuildFile; fileRef = E12B16AA246C6E4900870B7F /* GFFollowerCell.swift */; };
		E12B16AD246C6F5200870B7F /* GFAvatarImageView.swift in Sources */ = {isa = PBXBuildFile; fileRef = E12B16AC246C6F5200870B7F /* GFAvatarImageView.swift */; };
		E1AFC2A0244F565A007D333C /* AppDelegate.swift in Sources */ = {isa = PBXBuildFile; fileRef = E1AFC29F244F565A007D333C /* AppDelegate.swift */; };
		E1AFC2A2244F565A007D333C /* SceneDelegate.swift in Sources */ = {isa = PBXBuildFile; fileRef = E1AFC2A1244F565A007D333C /* SceneDelegate.swift */; };
		E1AFC2A9244F565D007D333C /* Assets.xcassets in Resources */ = {isa = PBXBuildFile; fileRef = E1AFC2A8244F565D007D333C /* Assets.xcassets */; };
		E1AFC2AC244F565D007D333C /* LaunchScreen.storyboard in Resources */ = {isa = PBXBuildFile; fileRef = E1AFC2AA244F565D007D333C /* LaunchScreen.storyboard */; };
		E1AFC3642457E1EE007D333C /* SearchViewController.swift in Sources */ = {isa = PBXBuildFile; fileRef = E1AFC3632457E1EE007D333C /* SearchViewController.swift */; };
		E1AFC3662457E1FA007D333C /* FavoritesViewController.swift in Sources */ = {isa = PBXBuildFile; fileRef = E1AFC3652457E1FA007D333C /* FavoritesViewController.swift */; };
		E1AFC3682458B0E2007D333C /* GFButton.swift in Sources */ = {isa = PBXBuildFile; fileRef = E1AFC3672458B0E2007D333C /* GFButton.swift */; };
		E1AFC36B2458CA31007D333C /* GFTextField.swift in Sources */ = {isa = PBXBuildFile; fileRef = E1AFC36A2458CA31007D333C /* GFTextField.swift */; };
		E1AFC3B0245B7767007D333C /* FollowersViewController.swift in Sources */ = {isa = PBXBuildFile; fileRef = E1AFC3AF245B7767007D333C /* FollowersViewController.swift */; };
		E1AFC3B4245C9DA3007D333C /* GFTitleLabel.swift in Sources */ = {isa = PBXBuildFile; fileRef = E1AFC3B3245C9DA3007D333C /* GFTitleLabel.swift */; };
		E1EEECE4245CC1E6009C479B /* GFBodyLabel.swift in Sources */ = {isa = PBXBuildFile; fileRef = E1EEECE3245CC1E6009C479B /* GFBodyLabel.swift */; };
		E1EEECE6245CC470009C479B /* GFAlertViewController.swift in Sources */ = {isa = PBXBuildFile; fileRef = E1EEECE5245CC470009C479B /* GFAlertViewController.swift */; };
		E1EEECE8245CC8ED009C479B /* GFContainerView.swift in Sources */ = {isa = PBXBuildFile; fileRef = E1EEECE7245CC8ED009C479B /* GFContainerView.swift */; };
		E1EEECEB245CDE0D009C479B /* UIViewController+Ext.swift in Sources */ = {isa = PBXBuildFile; fileRef = E1EEECEA245CDE0D009C479B /* UIViewController+Ext.swift */; };
/* End PBXBuildFile section */

/* Begin PBXFileReference section */
		E12B162F246A369300870B7F /* Follower.swift */ = {isa = PBXFileReference; lastKnownFileType = sourcecode.swift; path = Follower.swift; sourceTree = "<group>"; };
		E12B1631246A3F8A00870B7F /* User.swift */ = {isa = PBXFileReference; lastKnownFileType = sourcecode.swift; path = User.swift; sourceTree = "<group>"; };
		E12B1633246A43B100870B7F /* NetworkManager.swift */ = {isa = PBXFileReference; lastKnownFileType = sourcecode.swift; path = NetworkManager.swift; sourceTree = "<group>"; };
		E12B1635246A5CDB00870B7F /* GFError.swift */ = {isa = PBXFileReference; lastKnownFileType = sourcecode.swift; path = GFError.swift; sourceTree = "<group>"; };
		E12B16AA246C6E4900870B7F /* GFFollowerCell.swift */ = {isa = PBXFileReference; lastKnownFileType = sourcecode.swift; path = GFFollowerCell.swift; sourceTree = "<group>"; };
		E12B16AC246C6F5200870B7F /* GFAvatarImageView.swift */ = {isa = PBXFileReference; lastKnownFileType = sourcecode.swift; path = GFAvatarImageView.swift; sourceTree = "<group>"; };
		E1AFC29C244F565A007D333C /* GitHub Followers.app */ = {isa = PBXFileReference; explicitFileType = wrapper.application; includeInIndex = 0; path = "GitHub Followers.app"; sourceTree = BUILT_PRODUCTS_DIR; };
		E1AFC29F244F565A007D333C /* AppDelegate.swift */ = {isa = PBXFileReference; lastKnownFileType = sourcecode.swift; path = AppDelegate.swift; sourceTree = "<group>"; };
		E1AFC2A1244F565A007D333C /* SceneDelegate.swift */ = {isa = PBXFileReference; lastKnownFileType = sourcecode.swift; path = SceneDelegate.swift; sourceTree = "<group>"; };
		E1AFC2A8244F565D007D333C /* Assets.xcassets */ = {isa = PBXFileReference; lastKnownFileType = folder.assetcatalog; path = Assets.xcassets; sourceTree = "<group>"; };
		E1AFC2AB244F565D007D333C /* Base */ = {isa = PBXFileReference; lastKnownFileType = file.storyboard; name = Base; path = Base.lproj/LaunchScreen.storyboard; sourceTree = "<group>"; };
		E1AFC2AD244F565D007D333C /* Info.plist */ = {isa = PBXFileReference; lastKnownFileType = text.plist.xml; path = Info.plist; sourceTree = "<group>"; };
		E1AFC3632457E1EE007D333C /* SearchViewController.swift */ = {isa = PBXFileReference; lastKnownFileType = sourcecode.swift; path = SearchViewController.swift; sourceTree = "<group>"; };
		E1AFC3652457E1FA007D333C /* FavoritesViewController.swift */ = {isa = PBXFileReference; lastKnownFileType = sourcecode.swift; path = FavoritesViewController.swift; sourceTree = "<group>"; };
		E1AFC3672458B0E2007D333C /* GFButton.swift */ = {isa = PBXFileReference; lastKnownFileType = sourcecode.swift; path = GFButton.swift; sourceTree = "<group>"; };
		E1AFC36A2458CA31007D333C /* GFTextField.swift */ = {isa = PBXFileReference; lastKnownFileType = sourcecode.swift; path = GFTextField.swift; sourceTree = "<group>"; };
		E1AFC3AF245B7767007D333C /* FollowersViewController.swift */ = {isa = PBXFileReference; lastKnownFileType = sourcecode.swift; path = FollowersViewController.swift; sourceTree = "<group>"; };
		E1AFC3B3245C9DA3007D333C /* GFTitleLabel.swift */ = {isa = PBXFileReference; lastKnownFileType = sourcecode.swift; path = GFTitleLabel.swift; sourceTree = "<group>"; };
		E1EEECE3245CC1E6009C479B /* GFBodyLabel.swift */ = {isa = PBXFileReference; lastKnownFileType = sourcecode.swift; path = GFBodyLabel.swift; sourceTree = "<group>"; };
		E1EEECE5245CC470009C479B /* GFAlertViewController.swift */ = {isa = PBXFileReference; lastKnownFileType = sourcecode.swift; path = GFAlertViewController.swift; sourceTree = "<group>"; };
		E1EEECE7245CC8ED009C479B /* GFContainerView.swift */ = {isa = PBXFileReference; lastKnownFileType = sourcecode.swift; path = GFContainerView.swift; sourceTree = "<group>"; };
		E1EEECEA245CDE0D009C479B /* UIViewController+Ext.swift */ = {isa = PBXFileReference; lastKnownFileType = sourcecode.swift; path = "UIViewController+Ext.swift"; sourceTree = "<group>"; };
/* End PBXFileReference section */

/* Begin PBXFrameworksBuildPhase section */
		E1AFC299244F565A007D333C /* Frameworks */ = {
			isa = PBXFrameworksBuildPhase;
			buildActionMask = 2147483647;
			files = (
			);
			runOnlyForDeploymentPostprocessing = 0;
		};
/* End PBXFrameworksBuildPhase section */

/* Begin PBXGroup section */
		E12B16A9246C6E0400870B7F /* Cells */ = {
			isa = PBXGroup;
			children = (
				E12B16AA246C6E4900870B7F /* GFFollowerCell.swift */,
			);
			name = Cells;
			sourceTree = "<group>";
		};
		E1AFC293244F565A007D333C = {
			isa = PBXGroup;
			children = (
				E1AFC29E244F565A007D333C /* GitHub Followers */,
				E1AFC29D244F565A007D333C /* Products */,
			);
			sourceTree = "<group>";
		};
		E1AFC29D244F565A007D333C /* Products */ = {
			isa = PBXGroup;
			children = (
				E1AFC29C244F565A007D333C /* GitHub Followers.app */,
			);
			name = Products;
			sourceTree = "<group>";
		};
		E1AFC29E244F565A007D333C /* GitHub Followers */ = {
			isa = PBXGroup;
			children = (
				E1EEED3B2461D9E1009C479B /* Utilities */,
				E1EEED382460D97B009C479B /* Manager */,
				E1EEECEF245DFA14009C479B /* Model */,
				E1AFC36C245A08D2007D333C /* View Controllers */,
				E1AFC36E245A0929007D333C /* Custom Views */,
				E1EEECE9245CDDDD009C479B /* Extensions */,
				E1EEECEC245D48A6009C479B /* Support */,
				E1AFC2AD244F565D007D333C /* Info.plist */,
			);
			path = "GitHub Followers";
			sourceTree = "<group>";
		};
		E1AFC36C245A08D2007D333C /* View Controllers */ = {
			isa = PBXGroup;
			children = (
				E1AFC3632457E1EE007D333C /* SearchViewController.swift */,
				E1AFC3AF245B7767007D333C /* FollowersViewController.swift */,
				E1AFC3652457E1FA007D333C /* FavoritesViewController.swift */,
			);
			name = "View Controllers";
			sourceTree = "<group>";
		};
		E1AFC36E245A0929007D333C /* Custom Views */ = {
			isa = PBXGroup;
			children = (
				E12B16A9246C6E0400870B7F /* Cells */,
				E12B16AC246C6F5200870B7F /* GFAvatarImageView.swift */,
				E1EEECE5245CC470009C479B /* GFAlertViewController.swift */,
				E1EEECE7245CC8ED009C479B /* GFContainerView.swift */,
				E1AFC3B3245C9DA3007D333C /* GFTitleLabel.swift */,
				E1EEECE3245CC1E6009C479B /* GFBodyLabel.swift */,
				E1AFC3672458B0E2007D333C /* GFButton.swift */,
				E1AFC36A2458CA31007D333C /* GFTextField.swift */,
			);
			name = "Custom Views";
			sourceTree = "<group>";
		};
		E1EEECE9245CDDDD009C479B /* Extensions */ = {
			isa = PBXGroup;
			children = (
				E1EEECEA245CDE0D009C479B /* UIViewController+Ext.swift */,
			);
			name = Extensions;
			sourceTree = "<group>";
		};
		E1EEECEC245D48A6009C479B /* Support */ = {
			isa = PBXGroup;
			children = (
				E1AFC29F244F565A007D333C /* AppDelegate.swift */,
				E1AFC2A1244F565A007D333C /* SceneDelegate.swift */,
				E1AFC2A8244F565D007D333C /* Assets.xcassets */,
				E1AFC2AA244F565D007D333C /* LaunchScreen.storyboard */,
			);
			name = Support;
			sourceTree = "<group>";
		};
		E1EEECEF245DFA14009C479B /* Model */ = {
			isa = PBXGroup;
			children = (
				E12B162F246A369300870B7F /* Follower.swift */,
				E12B1631246A3F8A00870B7F /* User.swift */,
			);
			name = Model;
			sourceTree = "<group>";
		};
		E1EEED382460D97B009C479B /* Manager */ = {
			isa = PBXGroup;
			children = (
				E12B1633246A43B100870B7F /* NetworkManager.swift */,
			);
			name = Manager;
			sourceTree = "<group>";
		};
		E1EEED3B2461D9E1009C479B /* Utilities */ = {
			isa = PBXGroup;
			children = (
				E12B1635246A5CDB00870B7F /* GFError.swift */,
			);
			name = Utilities;
			sourceTree = "<group>";
		};
/* End PBXGroup section */

/* Begin PBXNativeTarget section */
		E1AFC29B244F565A007D333C /* GitHub Followers */ = {
			isa = PBXNativeTarget;
			buildConfigurationList = E1AFC2B0244F565D007D333C /* Build configuration list for PBXNativeTarget "GitHub Followers" */;
			buildPhases = (
				E1AFC298244F565A007D333C /* Sources */,
				E1AFC299244F565A007D333C /* Frameworks */,
				E1AFC29A244F565A007D333C /* Resources */,
			);
			buildRules = (
			);
			dependencies = (
			);
			name = "GitHub Followers";
			productName = "GitHub Followers";
			productReference = E1AFC29C244F565A007D333C /* GitHub Followers.app */;
			productType = "com.apple.product-type.application";
		};
/* End PBXNativeTarget section */

/* Begin PBXProject section */
		E1AFC294244F565A007D333C /* Project object */ = {
			isa = PBXProject;
			attributes = {
				LastSwiftUpdateCheck = 1140;
				LastUpgradeCheck = 1140;
				ORGANIZATIONNAME = "Jason Pinlac";
				TargetAttributes = {
					E1AFC29B244F565A007D333C = {
						CreatedOnToolsVersion = 11.4.1;
					};
				};
			};
			buildConfigurationList = E1AFC297244F565A007D333C /* Build configuration list for PBXProject "GitHub Followers" */;
			compatibilityVersion = "Xcode 9.3";
			developmentRegion = en;
			hasScannedForEncodings = 0;
			knownRegions = (
				en,
				Base,
			);
			mainGroup = E1AFC293244F565A007D333C;
			productRefGroup = E1AFC29D244F565A007D333C /* Products */;
			projectDirPath = "";
			projectRoot = "";
			targets = (
				E1AFC29B244F565A007D333C /* GitHub Followers */,
			);
		};
/* End PBXProject section */

/* Begin PBXResourcesBuildPhase section */
		E1AFC29A244F565A007D333C /* Resources */ = {
			isa = PBXResourcesBuildPhase;
			buildActionMask = 2147483647;
			files = (
				E1AFC2AC244F565D007D333C /* LaunchScreen.storyboard in Resources */,
				E1AFC2A9244F565D007D333C /* Assets.xcassets in Resources */,
			);
			runOnlyForDeploymentPostprocessing = 0;
		};
/* End PBXResourcesBuildPhase section */

/* Begin PBXSourcesBuildPhase section */
		E1AFC298244F565A007D333C /* Sources */ = {
			isa = PBXSourcesBuildPhase;
			buildActionMask = 2147483647;
			files = (
				E1EEECE6245CC470009C479B /* GFAlertViewController.swift in Sources */,
				E1AFC2A0244F565A007D333C /* AppDelegate.swift in Sources */,
				E1EEECEB245CDE0D009C479B /* UIViewController+Ext.swift in Sources */,
				E12B1630246A369300870B7F /* Follower.swift in Sources */,
				E12B1634246A43B100870B7F /* NetworkManager.swift in Sources */,
				E12B1632246A3F8A00870B7F /* User.swift in Sources */,
				E1AFC3682458B0E2007D333C /* GFButton.swift in Sources */,
				E1AFC3B0245B7767007D333C /* FollowersViewController.swift in Sources */,
				E12B16AD246C6F5200870B7F /* GFAvatarImageView.swift in Sources */,
				E1AFC3642457E1EE007D333C /* SearchViewController.swift in Sources */,
				E1EEECE4245CC1E6009C479B /* GFBodyLabel.swift in Sources */,
				E1AFC3B4245C9DA3007D333C /* GFTitleLabel.swift in Sources */,
				E12B16AB246C6E4900870B7F /* GFFollowerCell.swift in Sources */,
				E1AFC3662457E1FA007D333C /* FavoritesViewController.swift in Sources */,
				E1EEECE8245CC8ED009C479B /* GFContainerView.swift in Sources */,
				E1AFC2A2244F565A007D333C /* SceneDelegate.swift in Sources */,
				E1AFC36B2458CA31007D333C /* GFTextField.swift in Sources */,
				E12B1636246A5CDB00870B7F /* GFError.swift in Sources */,
			);
			runOnlyForDeploymentPostprocessing = 0;
		};
/* End PBXSourcesBuildPhase section */

/* Begin PBXVariantGroup section */
		E1AFC2AA244F565D007D333C /* LaunchScreen.storyboard */ = {
			isa = PBXVariantGroup;
			children = (
				E1AFC2AB244F565D007D333C /* Base */,
			);
			name = LaunchScreen.storyboard;
			sourceTree = "<group>";
		};
/* End PBXVariantGroup section */

/* Begin XCBuildConfiguration section */
		E1AFC2AE244F565D007D333C /* Debug */ = {
			isa = XCBuildConfiguration;
			buildSettings = {
				ALWAYS_SEARCH_USER_PATHS = NO;
				CLANG_ANALYZER_NONNULL = YES;
				CLANG_ANALYZER_NUMBER_OBJECT_CONVERSION = YES_AGGRESSIVE;
				CLANG_CXX_LANGUAGE_STANDARD = "gnu++14";
				CLANG_CXX_LIBRARY = "libc++";
				CLANG_ENABLE_MODULES = YES;
				CLANG_ENABLE_OBJC_ARC = YES;
				CLANG_ENABLE_OBJC_WEAK = YES;
				CLANG_WARN_BLOCK_CAPTURE_AUTORELEASING = YES;
				CLANG_WARN_BOOL_CONVERSION = YES;
				CLANG_WARN_COMMA = YES;
				CLANG_WARN_CONSTANT_CONVERSION = YES;
				CLANG_WARN_DEPRECATED_OBJC_IMPLEMENTATIONS = YES;
				CLANG_WARN_DIRECT_OBJC_ISA_USAGE = YES_ERROR;
				CLANG_WARN_DOCUMENTATION_COMMENTS = YES;
				CLANG_WARN_EMPTY_BODY = YES;
				CLANG_WARN_ENUM_CONVERSION = YES;
				CLANG_WARN_INFINITE_RECURSION = YES;
				CLANG_WARN_INT_CONVERSION = YES;
				CLANG_WARN_NON_LITERAL_NULL_CONVERSION = YES;
				CLANG_WARN_OBJC_IMPLICIT_RETAIN_SELF = YES;
				CLANG_WARN_OBJC_LITERAL_CONVERSION = YES;
				CLANG_WARN_OBJC_ROOT_CLASS = YES_ERROR;
				CLANG_WARN_RANGE_LOOP_ANALYSIS = YES;
				CLANG_WARN_STRICT_PROTOTYPES = YES;
				CLANG_WARN_SUSPICIOUS_MOVE = YES;
				CLANG_WARN_UNGUARDED_AVAILABILITY = YES_AGGRESSIVE;
				CLANG_WARN_UNREACHABLE_CODE = YES;
				CLANG_WARN__DUPLICATE_METHOD_MATCH = YES;
				COPY_PHASE_STRIP = NO;
				DEBUG_INFORMATION_FORMAT = dwarf;
				ENABLE_STRICT_OBJC_MSGSEND = YES;
				ENABLE_TESTABILITY = YES;
				GCC_C_LANGUAGE_STANDARD = gnu11;
				GCC_DYNAMIC_NO_PIC = NO;
				GCC_NO_COMMON_BLOCKS = YES;
				GCC_OPTIMIZATION_LEVEL = 0;
				GCC_PREPROCESSOR_DEFINITIONS = (
					"DEBUG=1",
					"$(inherited)",
				);
				GCC_WARN_64_TO_32_BIT_CONVERSION = YES;
				GCC_WARN_ABOUT_RETURN_TYPE = YES_ERROR;
				GCC_WARN_UNDECLARED_SELECTOR = YES;
				GCC_WARN_UNINITIALIZED_AUTOS = YES_AGGRESSIVE;
				GCC_WARN_UNUSED_FUNCTION = YES;
				GCC_WARN_UNUSED_VARIABLE = YES;
				IPHONEOS_DEPLOYMENT_TARGET = 13.4;
				MTL_ENABLE_DEBUG_INFO = INCLUDE_SOURCE;
				MTL_FAST_MATH = YES;
				ONLY_ACTIVE_ARCH = YES;
				SDKROOT = iphoneos;
				SWIFT_ACTIVE_COMPILATION_CONDITIONS = DEBUG;
				SWIFT_OPTIMIZATION_LEVEL = "-Onone";
			};
			name = Debug;
		};
		E1AFC2AF244F565D007D333C /* Release */ = {
			isa = XCBuildConfiguration;
			buildSettings = {
				ALWAYS_SEARCH_USER_PATHS = NO;
				CLANG_ANALYZER_NONNULL = YES;
				CLANG_ANALYZER_NUMBER_OBJECT_CONVERSION = YES_AGGRESSIVE;
				CLANG_CXX_LANGUAGE_STANDARD = "gnu++14";
				CLANG_CXX_LIBRARY = "libc++";
				CLANG_ENABLE_MODULES = YES;
				CLANG_ENABLE_OBJC_ARC = YES;
				CLANG_ENABLE_OBJC_WEAK = YES;
				CLANG_WARN_BLOCK_CAPTURE_AUTORELEASING = YES;
				CLANG_WARN_BOOL_CONVERSION = YES;
				CLANG_WARN_COMMA = YES;
				CLANG_WARN_CONSTANT_CONVERSION = YES;
				CLANG_WARN_DEPRECATED_OBJC_IMPLEMENTATIONS = YES;
				CLANG_WARN_DIRECT_OBJC_ISA_USAGE = YES_ERROR;
				CLANG_WARN_DOCUMENTATION_COMMENTS = YES;
				CLANG_WARN_EMPTY_BODY = YES;
				CLANG_WARN_ENUM_CONVERSION = YES;
				CLANG_WARN_INFINITE_RECURSION = YES;
				CLANG_WARN_INT_CONVERSION = YES;
				CLANG_WARN_NON_LITERAL_NULL_CONVERSION = YES;
				CLANG_WARN_OBJC_IMPLICIT_RETAIN_SELF = YES;
				CLANG_WARN_OBJC_LITERAL_CONVERSION = YES;
				CLANG_WARN_OBJC_ROOT_CLASS = YES_ERROR;
				CLANG_WARN_RANGE_LOOP_ANALYSIS = YES;
				CLANG_WARN_STRICT_PROTOTYPES = YES;
				CLANG_WARN_SUSPICIOUS_MOVE = YES;
				CLANG_WARN_UNGUARDED_AVAILABILITY = YES_AGGRESSIVE;
				CLANG_WARN_UNREACHABLE_CODE = YES;
				CLANG_WARN__DUPLICATE_METHOD_MATCH = YES;
				COPY_PHASE_STRIP = NO;
				DEBUG_INFORMATION_FORMAT = "dwarf-with-dsym";
				ENABLE_NS_ASSERTIONS = NO;
				ENABLE_STRICT_OBJC_MSGSEND = YES;
				GCC_C_LANGUAGE_STANDARD = gnu11;
				GCC_NO_COMMON_BLOCKS = YES;
				GCC_WARN_64_TO_32_BIT_CONVERSION = YES;
				GCC_WARN_ABOUT_RETURN_TYPE = YES_ERROR;
				GCC_WARN_UNDECLARED_SELECTOR = YES;
				GCC_WARN_UNINITIALIZED_AUTOS = YES_AGGRESSIVE;
				GCC_WARN_UNUSED_FUNCTION = YES;
				GCC_WARN_UNUSED_VARIABLE = YES;
				IPHONEOS_DEPLOYMENT_TARGET = 13.4;
				MTL_ENABLE_DEBUG_INFO = NO;
				MTL_FAST_MATH = YES;
				SDKROOT = iphoneos;
				SWIFT_COMPILATION_MODE = wholemodule;
				SWIFT_OPTIMIZATION_LEVEL = "-O";
				VALIDATE_PRODUCT = YES;
			};
			name = Release;
		};
		E1AFC2B1244F565D007D333C /* Debug */ = {
			isa = XCBuildConfiguration;
			buildSettings = {
				ASSETCATALOG_COMPILER_APPICON_NAME = AppIcon;
				CODE_SIGN_STYLE = Automatic;
				DEVELOPMENT_TEAM = XWVP4F494Z;
				INFOPLIST_FILE = "GitHub Followers/Info.plist";
				IPHONEOS_DEPLOYMENT_TARGET = 13.4;
				LD_RUNPATH_SEARCH_PATHS = (
					"$(inherited)",
					"@executable_path/Frameworks",
				);
				PRODUCT_BUNDLE_IDENTIFIER = "dev.jasonpinlac.GitHub-Followers";
				PRODUCT_NAME = "GitHub Followers";
				SWIFT_VERSION = 5.0;
				TARGETED_DEVICE_FAMILY = 1;
			};
			name = Debug;
		};
		E1AFC2B2244F565D007D333C /* Release */ = {
			isa = XCBuildConfiguration;
			buildSettings = {
				ASSETCATALOG_COMPILER_APPICON_NAME = AppIcon;
				CODE_SIGN_STYLE = Automatic;
				DEVELOPMENT_TEAM = XWVP4F494Z;
				INFOPLIST_FILE = "GitHub Followers/Info.plist";
				IPHONEOS_DEPLOYMENT_TARGET = 13.4;
				LD_RUNPATH_SEARCH_PATHS = (
					"$(inherited)",
					"@executable_path/Frameworks",
				);
				PRODUCT_BUNDLE_IDENTIFIER = "dev.jasonpinlac.GitHub-Followers";
				PRODUCT_NAME = "GitHub Followers";
				SWIFT_VERSION = 5.0;
				TARGETED_DEVICE_FAMILY = 1;
			};
			name = Release;
		};
/* End XCBuildConfiguration section */

/* Begin XCConfigurationList section */
		E1AFC297244F565A007D333C /* Build configuration list for PBXProject "GitHub Followers" */ = {
			isa = XCConfigurationList;
			buildConfigurations = (
				E1AFC2AE244F565D007D333C /* Debug */,
				E1AFC2AF244F565D007D333C /* Release */,
			);
			defaultConfigurationIsVisible = 0;
			defaultConfigurationName = Release;
		};
		E1AFC2B0244F565D007D333C /* Build configuration list for PBXNativeTarget "GitHub Followers" */ = {
			isa = XCConfigurationList;
			buildConfigurations = (
				E1AFC2B1244F565D007D333C /* Debug */,
				E1AFC2B2244F565D007D333C /* Release */,
			);
			defaultConfigurationIsVisible = 0;
			defaultConfigurationName = Release;
		};
/* End XCConfigurationList section */
	};
	rootObject = E1AFC294244F565A007D333C /* Project object */;
}
