// !$*UTF8*$!
{
	archiveVersion = 1;
	classes = {
	};
	objectVersion = 50;
	objects = {

/* Begin PBXBuildFile section */
		E10C6082255E039C00416659 /* GFLoadingViewController.swift in Sources */ = {isa = PBXBuildFile; fileRef = E10C6081255E039B00416659 /* GFLoadingViewController.swift */; };
		E10C6088255E1EA400416659 /* GFEmptyStateView.swift in Sources */ = {isa = PBXBuildFile; fileRef = E10C6087255E1EA400416659 /* GFEmptyStateView.swift */; };
		E126D441253974B900ECA5FA /* AppDelegate.swift in Sources */ = {isa = PBXBuildFile; fileRef = E126D440253974B900ECA5FA /* AppDelegate.swift */; };
		E126D443253974B900ECA5FA /* SceneDelegate.swift in Sources */ = {isa = PBXBuildFile; fileRef = E126D442253974B900ECA5FA /* SceneDelegate.swift */; };
		E126D44A253974BD00ECA5FA /* Assets.xcassets in Resources */ = {isa = PBXBuildFile; fileRef = E126D449253974BD00ECA5FA /* Assets.xcassets */; };
		E126D44D253974BD00ECA5FA /* LaunchScreen.storyboard in Resources */ = {isa = PBXBuildFile; fileRef = E126D44B253974BD00ECA5FA /* LaunchScreen.storyboard */; };
		E126D45F253ABA9700ECA5FA /* GFSearchController.swift in Sources */ = {isa = PBXBuildFile; fileRef = E126D45E253ABA9700ECA5FA /* GFSearchController.swift */; };
		E126D463253ABAA600ECA5FA /* GFFavoritesController.swift in Sources */ = {isa = PBXBuildFile; fileRef = E126D462253ABAA600ECA5FA /* GFFavoritesController.swift */; };
		E126D466253EAA2900ECA5FA /* GFButton.swift in Sources */ = {isa = PBXBuildFile; fileRef = E126D465253EAA2900ECA5FA /* GFButton.swift */; };
		E12B802C255A63FA00F57AD1 /* GFFollowerCell.swift in Sources */ = {isa = PBXBuildFile; fileRef = E12B802B255A63FA00F57AD1 /* GFFollowerCell.swift */; };
		E1379658255B6B7100B8A26F /* GFFollowerCellStackView.swift in Sources */ = {isa = PBXBuildFile; fileRef = E1379657255B6B7100B8A26F /* GFFollowerCellStackView.swift */; };
		E137965C255B6E6500B8A26F /* GFFollowerCellUsernameLabel.swift in Sources */ = {isa = PBXBuildFile; fileRef = E137965B255B6E6500B8A26F /* GFFollowerCellUsernameLabel.swift */; };
		E1379660255B6E8700B8A26F /* GFAvatarImageView.swift in Sources */ = {isa = PBXBuildFile; fileRef = E137965F255B6E8700B8A26F /* GFAvatarImageView.swift */; };
		E1379664255B7C6F00B8A26F /* GFImage.swift in Sources */ = {isa = PBXBuildFile; fileRef = E1379663255B7C6F00B8A26F /* GFImage.swift */; };
		E13A0632256AEDCD00F4920C /* GFSecondaryTitleLabel.swift in Sources */ = {isa = PBXBuildFile; fileRef = E13A0631256AEDCD00F4920C /* GFSecondaryTitleLabel.swift */; };
		E13A0637256DD61900F4920C /* String+Ext.swift in Sources */ = {isa = PBXBuildFile; fileRef = E13A0636256DD61900F4920C /* String+Ext.swift */; };
		E13A063F256DD9B300F4920C /* Date+Ext.swift in Sources */ = {isa = PBXBuildFile; fileRef = E13A063E256DD9B300F4920C /* Date+Ext.swift */; };
		E145B30D254A251700A3B645 /* GFError.swift in Sources */ = {isa = PBXBuildFile; fileRef = E145B30C254A251700A3B645 /* GFError.swift */; };
		E1B3B6F0255C8CB00000C059 /* GFFollowersDelegate.swift in Sources */ = {isa = PBXBuildFile; fileRef = E1B3B6EF255C8CB00000C059 /* GFFollowersDelegate.swift */; };
		E1B3B6F5255C8E5B0000C059 /* GFFollowersDataSource.swift in Sources */ = {isa = PBXBuildFile; fileRef = E1B3B6F4255C8E5B0000C059 /* GFFollowersDataSource.swift */; };
		E1D15C4A2565C2D800DC8395 /* GFUserInfoController.swift in Sources */ = {isa = PBXBuildFile; fileRef = E1D15C492565C2D800DC8395 /* GFUserInfoController.swift */; };
		E1D15C4F2565F80800DC8395 /* GFUserInfoHeaderController.swift in Sources */ = {isa = PBXBuildFile; fileRef = E1D15C4E2565F80800DC8395 /* GFUserInfoHeaderController.swift */; };
		E1D15C522565F81600DC8395 /* GFUserInfoItemController.swift in Sources */ = {isa = PBXBuildFile; fileRef = E1D15C512565F81600DC8395 /* GFUserInfoItemController.swift */; };
		E1D15C552565F87200DC8395 /* GFUserInfoItemView.swift in Sources */ = {isa = PBXBuildFile; fileRef = E1D15C542565F87200DC8395 /* GFUserInfoItemView.swift */; };
		E1E3E424253FDF5E00736110 /* GFTextField.swift in Sources */ = {isa = PBXBuildFile; fileRef = E1E3E423253FDF5E00736110 /* GFTextField.swift */; };
		E1E3E46D2542775E00736110 /* GFFollowersController.swift in Sources */ = {isa = PBXBuildFile; fileRef = E1E3E46C2542775E00736110 /* GFFollowersController.swift */; };
		E1E3E47325434B3300736110 /* GFAlertController.swift in Sources */ = {isa = PBXBuildFile; fileRef = E1E3E47225434B3300736110 /* GFAlertController.swift */; };
		E1E3E479254359C900736110 /* GFTitleLabel.swift in Sources */ = {isa = PBXBuildFile; fileRef = E1E3E478254359C900736110 /* GFTitleLabel.swift */; };
		E1E3E47C254359D700736110 /* GFBodyLabel.swift in Sources */ = {isa = PBXBuildFile; fileRef = E1E3E47B254359D700736110 /* GFBodyLabel.swift */; };
		E1E3E4802543608A00736110 /* UIView+Ext.swift in Sources */ = {isa = PBXBuildFile; fileRef = E1E3E47F2543608A00736110 /* UIView+Ext.swift */; };
		E1E3E484254362AF00736110 /* GFAlertContainerView.swift in Sources */ = {isa = PBXBuildFile; fileRef = E1E3E483254362AF00736110 /* GFAlertContainerView.swift */; };
		E1E3E487254365DA00736110 /* GFAlertStackView.swift in Sources */ = {isa = PBXBuildFile; fileRef = E1E3E486254365D900736110 /* GFAlertStackView.swift */; };
		E1E3E48C25436F6200736110 /* UIViewController+Ext.swift in Sources */ = {isa = PBXBuildFile; fileRef = E1E3E48B25436F6200736110 /* UIViewController+Ext.swift */; };
		E1E3E4902548912C00736110 /* GFFollower.swift in Sources */ = {isa = PBXBuildFile; fileRef = E1E3E48F2548912C00736110 /* GFFollower.swift */; };
		E1E3E4942548965400736110 /* GFUser.swift in Sources */ = {isa = PBXBuildFile; fileRef = E1E3E4932548965400736110 /* GFUser.swift */; };
		E1E3E49C2548A1C000736110 /* GFNetworkManager.swift in Sources */ = {isa = PBXBuildFile; fileRef = E1E3E49B2548A1C000736110 /* GFNetworkManager.swift */; };
/* End PBXBuildFile section */

/* Begin PBXFileReference section */
		E10C6081255E039B00416659 /* GFLoadingViewController.swift */ = {isa = PBXFileReference; lastKnownFileType = sourcecode.swift; path = GFLoadingViewController.swift; sourceTree = "<group>"; };
		E10C6087255E1EA400416659 /* GFEmptyStateView.swift */ = {isa = PBXFileReference; lastKnownFileType = sourcecode.swift; path = GFEmptyStateView.swift; sourceTree = "<group>"; };
		E126D43D253974B900ECA5FA /* GitHub Followers 2.app */ = {isa = PBXFileReference; explicitFileType = wrapper.application; includeInIndex = 0; path = "GitHub Followers 2.app"; sourceTree = BUILT_PRODUCTS_DIR; };
		E126D440253974B900ECA5FA /* AppDelegate.swift */ = {isa = PBXFileReference; lastKnownFileType = sourcecode.swift; path = AppDelegate.swift; sourceTree = "<group>"; };
		E126D442253974B900ECA5FA /* SceneDelegate.swift */ = {isa = PBXFileReference; lastKnownFileType = sourcecode.swift; path = SceneDelegate.swift; sourceTree = "<group>"; };
		E126D449253974BD00ECA5FA /* Assets.xcassets */ = {isa = PBXFileReference; lastKnownFileType = folder.assetcatalog; path = Assets.xcassets; sourceTree = "<group>"; };
		E126D44C253974BD00ECA5FA /* Base */ = {isa = PBXFileReference; lastKnownFileType = file.storyboard; name = Base; path = Base.lproj/LaunchScreen.storyboard; sourceTree = "<group>"; };
		E126D44E253974BD00ECA5FA /* Info.plist */ = {isa = PBXFileReference; lastKnownFileType = text.plist.xml; path = Info.plist; sourceTree = "<group>"; };
		E126D45E253ABA9700ECA5FA /* GFSearchController.swift */ = {isa = PBXFileReference; lastKnownFileType = sourcecode.swift; path = GFSearchController.swift; sourceTree = "<group>"; };
		E126D462253ABAA600ECA5FA /* GFFavoritesController.swift */ = {isa = PBXFileReference; lastKnownFileType = sourcecode.swift; path = GFFavoritesController.swift; sourceTree = "<group>"; };
		E126D465253EAA2900ECA5FA /* GFButton.swift */ = {isa = PBXFileReference; lastKnownFileType = sourcecode.swift; path = GFButton.swift; sourceTree = "<group>"; };
		E12B802B255A63FA00F57AD1 /* GFFollowerCell.swift */ = {isa = PBXFileReference; lastKnownFileType = sourcecode.swift; path = GFFollowerCell.swift; sourceTree = "<group>"; };
		E1379657255B6B7100B8A26F /* GFFollowerCellStackView.swift */ = {isa = PBXFileReference; lastKnownFileType = sourcecode.swift; path = GFFollowerCellStackView.swift; sourceTree = "<group>"; };
		E137965B255B6E6500B8A26F /* GFFollowerCellUsernameLabel.swift */ = {isa = PBXFileReference; lastKnownFileType = sourcecode.swift; path = GFFollowerCellUsernameLabel.swift; sourceTree = "<group>"; };
		E137965F255B6E8700B8A26F /* GFAvatarImageView.swift */ = {isa = PBXFileReference; lastKnownFileType = sourcecode.swift; path = GFAvatarImageView.swift; sourceTree = "<group>"; };
		E1379663255B7C6F00B8A26F /* GFImage.swift */ = {isa = PBXFileReference; lastKnownFileType = sourcecode.swift; path = GFImage.swift; sourceTree = "<group>"; };
		E13A0631256AEDCD00F4920C /* GFSecondaryTitleLabel.swift */ = {isa = PBXFileReference; lastKnownFileType = sourcecode.swift; path = GFSecondaryTitleLabel.swift; sourceTree = "<group>"; };
		E13A0636256DD61900F4920C /* String+Ext.swift */ = {isa = PBXFileReference; lastKnownFileType = sourcecode.swift; path = "String+Ext.swift"; sourceTree = "<group>"; };
		E13A063E256DD9B300F4920C /* Date+Ext.swift */ = {isa = PBXFileReference; lastKnownFileType = sourcecode.swift; path = "Date+Ext.swift"; sourceTree = "<group>"; };
		E145B30C254A251700A3B645 /* GFError.swift */ = {isa = PBXFileReference; lastKnownFileType = sourcecode.swift; path = GFError.swift; sourceTree = "<group>"; };
		E1B3B6EF255C8CB00000C059 /* GFFollowersDelegate.swift */ = {isa = PBXFileReference; lastKnownFileType = sourcecode.swift; path = GFFollowersDelegate.swift; sourceTree = "<group>"; };
		E1B3B6F4255C8E5B0000C059 /* GFFollowersDataSource.swift */ = {isa = PBXFileReference; lastKnownFileType = sourcecode.swift; path = GFFollowersDataSource.swift; sourceTree = "<group>"; };
		E1D15C492565C2D800DC8395 /* GFUserInfoController.swift */ = {isa = PBXFileReference; lastKnownFileType = sourcecode.swift; path = GFUserInfoController.swift; sourceTree = "<group>"; };
		E1D15C4E2565F80800DC8395 /* GFUserInfoHeaderController.swift */ = {isa = PBXFileReference; lastKnownFileType = sourcecode.swift; path = GFUserInfoHeaderController.swift; sourceTree = "<group>"; };
		E1D15C512565F81600DC8395 /* GFUserInfoItemController.swift */ = {isa = PBXFileReference; lastKnownFileType = sourcecode.swift; path = GFUserInfoItemController.swift; sourceTree = "<group>"; };
		E1D15C542565F87200DC8395 /* GFUserInfoItemView.swift */ = {isa = PBXFileReference; lastKnownFileType = sourcecode.swift; path = GFUserInfoItemView.swift; sourceTree = "<group>"; };
		E1E3E423253FDF5E00736110 /* GFTextField.swift */ = {isa = PBXFileReference; lastKnownFileType = sourcecode.swift; path = GFTextField.swift; sourceTree = "<group>"; };
		E1E3E46C2542775E00736110 /* GFFollowersController.swift */ = {isa = PBXFileReference; lastKnownFileType = sourcecode.swift; path = GFFollowersController.swift; sourceTree = "<group>"; };
		E1E3E47225434B3300736110 /* GFAlertController.swift */ = {isa = PBXFileReference; lastKnownFileType = sourcecode.swift; path = GFAlertController.swift; sourceTree = "<group>"; };
		E1E3E478254359C900736110 /* GFTitleLabel.swift */ = {isa = PBXFileReference; lastKnownFileType = sourcecode.swift; path = GFTitleLabel.swift; sourceTree = "<group>"; };
		E1E3E47B254359D700736110 /* GFBodyLabel.swift */ = {isa = PBXFileReference; lastKnownFileType = sourcecode.swift; path = GFBodyLabel.swift; sourceTree = "<group>"; };
		E1E3E47F2543608A00736110 /* UIView+Ext.swift */ = {isa = PBXFileReference; lastKnownFileType = sourcecode.swift; path = "UIView+Ext.swift"; sourceTree = "<group>"; };
		E1E3E483254362AF00736110 /* GFAlertContainerView.swift */ = {isa = PBXFileReference; lastKnownFileType = sourcecode.swift; path = GFAlertContainerView.swift; sourceTree = "<group>"; };
		E1E3E486254365D900736110 /* GFAlertStackView.swift */ = {isa = PBXFileReference; lastKnownFileType = sourcecode.swift; path = GFAlertStackView.swift; sourceTree = "<group>"; };
		E1E3E48B25436F6200736110 /* UIViewController+Ext.swift */ = {isa = PBXFileReference; lastKnownFileType = sourcecode.swift; path = "UIViewController+Ext.swift"; sourceTree = "<group>"; };
		E1E3E48F2548912C00736110 /* GFFollower.swift */ = {isa = PBXFileReference; lastKnownFileType = sourcecode.swift; path = GFFollower.swift; sourceTree = "<group>"; };
		E1E3E4932548965400736110 /* GFUser.swift */ = {isa = PBXFileReference; lastKnownFileType = sourcecode.swift; path = GFUser.swift; sourceTree = "<group>"; };
		E1E3E49B2548A1C000736110 /* GFNetworkManager.swift */ = {isa = PBXFileReference; lastKnownFileType = sourcecode.swift; path = GFNetworkManager.swift; sourceTree = "<group>"; };
/* End PBXFileReference section */

/* Begin PBXFrameworksBuildPhase section */
		E126D43A253974B900ECA5FA /* Frameworks */ = {
			isa = PBXFrameworksBuildPhase;
			buildActionMask = 2147483647;
			files = (
			);
			runOnlyForDeploymentPostprocessing = 0;
		};
/* End PBXFrameworksBuildPhase section */

/* Begin PBXGroup section */
		E126D434253974B900ECA5FA = {
			isa = PBXGroup;
			children = (
				E126D43F253974B900ECA5FA /* GitHub Followers 2 */,
				E126D43E253974B900ECA5FA /* Products */,
			);
			sourceTree = "<group>";
		};
		E126D43E253974B900ECA5FA /* Products */ = {
			isa = PBXGroup;
			children = (
				E126D43D253974B900ECA5FA /* GitHub Followers 2.app */,
			);
			name = Products;
			sourceTree = "<group>";
		};
		E126D43F253974B900ECA5FA /* GitHub Followers 2 */ = {
			isa = PBXGroup;
			children = (
				E1E3E4262541282500736110 /* Utilities */,
				E126D45A253ABA5D00ECA5FA /* Managers */,
				E126D458253ABA5500ECA5FA /* Models */,
				E126D459253ABA5800ECA5FA /* Custom Views */,
				E126D457253ABA4D00ECA5FA /* Controllers */,
				E126D45B253ABA6100ECA5FA /* Support */,
				E126D44E253974BD00ECA5FA /* Info.plist */,
			);
			path = "GitHub Followers 2";
			sourceTree = "<group>";
		};
		E126D457253ABA4D00ECA5FA /* Controllers */ = {
			isa = PBXGroup;
			children = (
				E1E3E47225434B3300736110 /* GFAlertController.swift */,
				E10C6081255E039B00416659 /* GFLoadingViewController.swift */,
				E126D45E253ABA9700ECA5FA /* GFSearchController.swift */,
				E126D462253ABAA600ECA5FA /* GFFavoritesController.swift */,
				E1B3B6F2255C8CDA0000C059 /* GFFollowers */,
				E1D15C4D2565F5E500DC8395 /* GFUserInfo */,
			);
			path = Controllers;
			sourceTree = "<group>";
		};
		E126D458253ABA5500ECA5FA /* Models */ = {
			isa = PBXGroup;
			children = (
				E1E3E48F2548912C00736110 /* GFFollower.swift */,
				E1E3E4932548965400736110 /* GFUser.swift */,
			);
			path = Models;
			sourceTree = "<group>";
		};
		E126D459253ABA5800ECA5FA /* Custom Views */ = {
			isa = PBXGroup;
			children = (
				E12B802A255A63C600F57AD1 /* Cells */,
				E1E3E489254365DE00736110 /* StackViews */,
				E1E3E477254359A400736110 /* TextFields */,
				E1E3E4762543599F00736110 /* Buttons */,
				E1E3E4752543599800736110 /* Labels */,
				E137965A255B6E4700B8A26F /* ImageViews */,
				E1E3E4822543628D00736110 /* Views */,
			);
			path = "Custom Views";
			sourceTree = "<group>";
		};
		E126D45A253ABA5D00ECA5FA /* Managers */ = {
			isa = PBXGroup;
			children = (
				E1E3E49B2548A1C000736110 /* GFNetworkManager.swift */,
			);
			path = Managers;
			sourceTree = "<group>";
		};
		E126D45B253ABA6100ECA5FA /* Support */ = {
			isa = PBXGroup;
			children = (
				E126D440253974B900ECA5FA /* AppDelegate.swift */,
				E126D442253974B900ECA5FA /* SceneDelegate.swift */,
				E126D449253974BD00ECA5FA /* Assets.xcassets */,
				E126D44B253974BD00ECA5FA /* LaunchScreen.storyboard */,
			);
			path = Support;
			sourceTree = "<group>";
		};
		E12B802A255A63C600F57AD1 /* Cells */ = {
			isa = PBXGroup;
			children = (
				E12B802B255A63FA00F57AD1 /* GFFollowerCell.swift */,
			);
			path = Cells;
			sourceTree = "<group>";
		};
		E137965A255B6E4700B8A26F /* ImageViews */ = {
			isa = PBXGroup;
			children = (
				E137965F255B6E8700B8A26F /* GFAvatarImageView.swift */,
			);
			path = ImageViews;
			sourceTree = "<group>";
		};
		E1B3B6F2255C8CDA0000C059 /* GFFollowers */ = {
			isa = PBXGroup;
			children = (
				E1E3E46C2542775E00736110 /* GFFollowersController.swift */,
				E1B3B6F4255C8E5B0000C059 /* GFFollowersDataSource.swift */,
				E1B3B6EF255C8CB00000C059 /* GFFollowersDelegate.swift */,
			);
			path = GFFollowers;
			sourceTree = "<group>";
		};
		E1D15C4D2565F5E500DC8395 /* GFUserInfo */ = {
			isa = PBXGroup;
			children = (
				E1D15C492565C2D800DC8395 /* GFUserInfoController.swift */,
				E1D15C4E2565F80800DC8395 /* GFUserInfoHeaderController.swift */,
				E1D15C512565F81600DC8395 /* GFUserInfoItemController.swift */,
			);
			path = GFUserInfo;
			sourceTree = "<group>";
		};
		E1E3E4262541282500736110 /* Utilities */ = {
			isa = PBXGroup;
			children = (
				E1E3E47F2543608A00736110 /* UIView+Ext.swift */,
				E1E3E48B25436F6200736110 /* UIViewController+Ext.swift */,
				E145B30C254A251700A3B645 /* GFError.swift */,
				E1379663255B7C6F00B8A26F /* GFImage.swift */,
				E13A0636256DD61900F4920C /* String+Ext.swift */,
				E13A063E256DD9B300F4920C /* Date+Ext.swift */,
			);
			path = Utilities;
			sourceTree = "<group>";
		};
		E1E3E4752543599800736110 /* Labels */ = {
			isa = PBXGroup;
			children = (
				E1E3E478254359C900736110 /* GFTitleLabel.swift */,
				E13A0631256AEDCD00F4920C /* GFSecondaryTitleLabel.swift */,
				E1E3E47B254359D700736110 /* GFBodyLabel.swift */,
				E137965B255B6E6500B8A26F /* GFFollowerCellUsernameLabel.swift */,
			);
			path = Labels;
			sourceTree = "<group>";
		};
		E1E3E4762543599F00736110 /* Buttons */ = {
			isa = PBXGroup;
			children = (
				E126D465253EAA2900ECA5FA /* GFButton.swift */,
			);
			path = Buttons;
			sourceTree = "<group>";
		};
		E1E3E477254359A400736110 /* TextFields */ = {
			isa = PBXGroup;
			children = (
				E1E3E423253FDF5E00736110 /* GFTextField.swift */,
			);
			path = TextFields;
			sourceTree = "<group>";
		};
		E1E3E4822543628D00736110 /* Views */ = {
			isa = PBXGroup;
			children = (
				E1E3E483254362AF00736110 /* GFAlertContainerView.swift */,
				E10C6087255E1EA400416659 /* GFEmptyStateView.swift */,
				E1D15C542565F87200DC8395 /* GFUserInfoItemView.swift */,
			);
			path = Views;
			sourceTree = "<group>";
		};
		E1E3E489254365DE00736110 /* StackViews */ = {
			isa = PBXGroup;
			children = (
				E1E3E486254365D900736110 /* GFAlertStackView.swift */,
				E1379657255B6B7100B8A26F /* GFFollowerCellStackView.swift */,
			);
			path = StackViews;
			sourceTree = "<group>";
		};
/* End PBXGroup section */

/* Begin PBXNativeTarget section */
		E126D43C253974B900ECA5FA /* GitHub Followers 2 */ = {
			isa = PBXNativeTarget;
			buildConfigurationList = E126D451253974BD00ECA5FA /* Build configuration list for PBXNativeTarget "GitHub Followers 2" */;
			buildPhases = (
				E126D439253974B900ECA5FA /* Sources */,
				E126D43A253974B900ECA5FA /* Frameworks */,
				E126D43B253974B900ECA5FA /* Resources */,
			);
			buildRules = (
			);
			dependencies = (
			);
			name = "GitHub Followers 2";
			productName = "GitHub Followers 2";
			productReference = E126D43D253974B900ECA5FA /* GitHub Followers 2.app */;
			productType = "com.apple.product-type.application";
		};
/* End PBXNativeTarget section */

/* Begin PBXProject section */
		E126D435253974B900ECA5FA /* Project object */ = {
			isa = PBXProject;
			attributes = {
				LastSwiftUpdateCheck = 1200;
				LastUpgradeCheck = 1200;
				TargetAttributes = {
					E126D43C253974B900ECA5FA = {
						CreatedOnToolsVersion = 12.0.1;
					};
				};
			};
			buildConfigurationList = E126D438253974B900ECA5FA /* Build configuration list for PBXProject "GitHub Followers 2" */;
			compatibilityVersion = "Xcode 9.3";
			developmentRegion = en;
			hasScannedForEncodings = 0;
			knownRegions = (
				en,
				Base,
			);
			mainGroup = E126D434253974B900ECA5FA;
			productRefGroup = E126D43E253974B900ECA5FA /* Products */;
			projectDirPath = "";
			projectRoot = "";
			targets = (
				E126D43C253974B900ECA5FA /* GitHub Followers 2 */,
			);
		};
/* End PBXProject section */

/* Begin PBXResourcesBuildPhase section */
		E126D43B253974B900ECA5FA /* Resources */ = {
			isa = PBXResourcesBuildPhase;
			buildActionMask = 2147483647;
			files = (
				E126D44D253974BD00ECA5FA /* LaunchScreen.storyboard in Resources */,
				E126D44A253974BD00ECA5FA /* Assets.xcassets in Resources */,
			);
			runOnlyForDeploymentPostprocessing = 0;
		};
/* End PBXResourcesBuildPhase section */

/* Begin PBXSourcesBuildPhase section */
		E126D439253974B900ECA5FA /* Sources */ = {
			isa = PBXSourcesBuildPhase;
			buildActionMask = 2147483647;
			files = (
				E1E3E49C2548A1C000736110 /* GFNetworkManager.swift in Sources */,
				E1E3E487254365DA00736110 /* GFAlertStackView.swift in Sources */,
				E1379660255B6E8700B8A26F /* GFAvatarImageView.swift in Sources */,
				E1E3E4902548912C00736110 /* GFFollower.swift in Sources */,
				E1E3E424253FDF5E00736110 /* GFTextField.swift in Sources */,
				E1D15C4A2565C2D800DC8395 /* GFUserInfoController.swift in Sources */,
				E145B30D254A251700A3B645 /* GFError.swift in Sources */,
				E1E3E48C25436F6200736110 /* UIViewController+Ext.swift in Sources */,
				E1E3E4942548965400736110 /* GFUser.swift in Sources */,
				E10C6082255E039C00416659 /* GFLoadingViewController.swift in Sources */,
				E126D441253974B900ECA5FA /* AppDelegate.swift in Sources */,
				E1D15C4F2565F80800DC8395 /* GFUserInfoHeaderController.swift in Sources */,
				E1D15C552565F87200DC8395 /* GFUserInfoItemView.swift in Sources */,
				E13A0632256AEDCD00F4920C /* GFSecondaryTitleLabel.swift in Sources */,
				E137965C255B6E6500B8A26F /* GFFollowerCellUsernameLabel.swift in Sources */,
				E1E3E46D2542775E00736110 /* GFFollowersController.swift in Sources */,
				E1E3E47325434B3300736110 /* GFAlertController.swift in Sources */,
				E126D466253EAA2900ECA5FA /* GFButton.swift in Sources */,
				E1D15C522565F81600DC8395 /* GFUserInfoItemController.swift in Sources */,
				E13A063F256DD9B300F4920C /* Date+Ext.swift in Sources */,
				E126D443253974B900ECA5FA /* SceneDelegate.swift in Sources */,
				E1E3E479254359C900736110 /* GFTitleLabel.swift in Sources */,
				E13A0637256DD61900F4920C /* String+Ext.swift in Sources */,
				E1B3B6F5255C8E5B0000C059 /* GFFollowersDataSource.swift in Sources */,
				E126D45F253ABA9700ECA5FA /* GFSearchController.swift in Sources */,
				E10C6088255E1EA400416659 /* GFEmptyStateView.swift in Sources */,
				E126D463253ABAA600ECA5FA /* GFFavoritesController.swift in Sources */,
				E1B3B6F0255C8CB00000C059 /* GFFollowersDelegate.swift in Sources */,
				E12B802C255A63FA00F57AD1 /* GFFollowerCell.swift in Sources */,
				E1379658255B6B7100B8A26F /* GFFollowerCellStackView.swift in Sources */,
				E1E3E484254362AF00736110 /* GFAlertContainerView.swift in Sources */,
				E1E3E47C254359D700736110 /* GFBodyLabel.swift in Sources */,
				E1379664255B7C6F00B8A26F /* GFImage.swift in Sources */,
				E1E3E4802543608A00736110 /* UIView+Ext.swift in Sources */,
			);
			runOnlyForDeploymentPostprocessing = 0;
		};
/* End PBXSourcesBuildPhase section */

/* Begin PBXVariantGroup section */
		E126D44B253974BD00ECA5FA /* LaunchScreen.storyboard */ = {
			isa = PBXVariantGroup;
			children = (
				E126D44C253974BD00ECA5FA /* Base */,
			);
			name = LaunchScreen.storyboard;
			sourceTree = "<group>";
		};
/* End PBXVariantGroup section */

/* Begin XCBuildConfiguration section */
		E126D44F253974BD00ECA5FA /* Debug */ = {
			isa = XCBuildConfiguration;
			buildSettings = {
				ALWAYS_SEARCH_USER_PATHS = NO;
				CLANG_ANALYZER_NONNULL = YES;
				CLANG_ANALYZER_NUMBER_OBJECT_CONVERSION = YES_AGGRESSIVE;
				CLANG_CXX_LANGUAGE_STANDARD = "gnu++14";
				CLANG_CXX_LIBRARY = "libc++";
				CLANG_ENABLE_MODULES = YES;
				CLANG_ENABLE_OBJC_ARC = YES;
				CLANG_ENABLE_OBJC_WEAK = YES;
				CLANG_WARN_BLOCK_CAPTURE_AUTORELEASING = YES;
				CLANG_WARN_BOOL_CONVERSION = YES;
				CLANG_WARN_COMMA = YES;
				CLANG_WARN_CONSTANT_CONVERSION = YES;
				CLANG_WARN_DEPRECATED_OBJC_IMPLEMENTATIONS = YES;
				CLANG_WARN_DIRECT_OBJC_ISA_USAGE = YES_ERROR;
				CLANG_WARN_DOCUMENTATION_COMMENTS = YES;
				CLANG_WARN_EMPTY_BODY = YES;
				CLANG_WARN_ENUM_CONVERSION = YES;
				CLANG_WARN_INFINITE_RECURSION = YES;
				CLANG_WARN_INT_CONVERSION = YES;
				CLANG_WARN_NON_LITERAL_NULL_CONVERSION = YES;
				CLANG_WARN_OBJC_IMPLICIT_RETAIN_SELF = YES;
				CLANG_WARN_OBJC_LITERAL_CONVERSION = YES;
				CLANG_WARN_OBJC_ROOT_CLASS = YES_ERROR;
				CLANG_WARN_QUOTED_INCLUDE_IN_FRAMEWORK_HEADER = YES;
				CLANG_WARN_RANGE_LOOP_ANALYSIS = YES;
				CLANG_WARN_STRICT_PROTOTYPES = YES;
				CLANG_WARN_SUSPICIOUS_MOVE = YES;
				CLANG_WARN_UNGUARDED_AVAILABILITY = YES_AGGRESSIVE;
				CLANG_WARN_UNREACHABLE_CODE = YES;
				CLANG_WARN__DUPLICATE_METHOD_MATCH = YES;
				COPY_PHASE_STRIP = NO;
				DEBUG_INFORMATION_FORMAT = dwarf;
				ENABLE_STRICT_OBJC_MSGSEND = YES;
				ENABLE_TESTABILITY = YES;
				GCC_C_LANGUAGE_STANDARD = gnu11;
				GCC_DYNAMIC_NO_PIC = NO;
				GCC_NO_COMMON_BLOCKS = YES;
				GCC_OPTIMIZATION_LEVEL = 0;
				GCC_PREPROCESSOR_DEFINITIONS = (
					"DEBUG=1",
					"$(inherited)",
				);
				GCC_WARN_64_TO_32_BIT_CONVERSION = YES;
				GCC_WARN_ABOUT_RETURN_TYPE = YES_ERROR;
				GCC_WARN_UNDECLARED_SELECTOR = YES;
				GCC_WARN_UNINITIALIZED_AUTOS = YES_AGGRESSIVE;
				GCC_WARN_UNUSED_FUNCTION = YES;
				GCC_WARN_UNUSED_VARIABLE = YES;
				IPHONEOS_DEPLOYMENT_TARGET = 14.0;
				MTL_ENABLE_DEBUG_INFO = INCLUDE_SOURCE;
				MTL_FAST_MATH = YES;
				ONLY_ACTIVE_ARCH = YES;
				SDKROOT = iphoneos;
				SWIFT_ACTIVE_COMPILATION_CONDITIONS = DEBUG;
				SWIFT_OPTIMIZATION_LEVEL = "-Onone";
			};
			name = Debug;
		};
		E126D450253974BD00ECA5FA /* Release */ = {
			isa = XCBuildConfiguration;
			buildSettings = {
				ALWAYS_SEARCH_USER_PATHS = NO;
				CLANG_ANALYZER_NONNULL = YES;
				CLANG_ANALYZER_NUMBER_OBJECT_CONVERSION = YES_AGGRESSIVE;
				CLANG_CXX_LANGUAGE_STANDARD = "gnu++14";
				CLANG_CXX_LIBRARY = "libc++";
				CLANG_ENABLE_MODULES = YES;
				CLANG_ENABLE_OBJC_ARC = YES;
				CLANG_ENABLE_OBJC_WEAK = YES;
				CLANG_WARN_BLOCK_CAPTURE_AUTORELEASING = YES;
				CLANG_WARN_BOOL_CONVERSION = YES;
				CLANG_WARN_COMMA = YES;
				CLANG_WARN_CONSTANT_CONVERSION = YES;
				CLANG_WARN_DEPRECATED_OBJC_IMPLEMENTATIONS = YES;
				CLANG_WARN_DIRECT_OBJC_ISA_USAGE = YES_ERROR;
				CLANG_WARN_DOCUMENTATION_COMMENTS = YES;
				CLANG_WARN_EMPTY_BODY = YES;
				CLANG_WARN_ENUM_CONVERSION = YES;
				CLANG_WARN_INFINITE_RECURSION = YES;
				CLANG_WARN_INT_CONVERSION = YES;
				CLANG_WARN_NON_LITERAL_NULL_CONVERSION = YES;
				CLANG_WARN_OBJC_IMPLICIT_RETAIN_SELF = YES;
				CLANG_WARN_OBJC_LITERAL_CONVERSION = YES;
				CLANG_WARN_OBJC_ROOT_CLASS = YES_ERROR;
				CLANG_WARN_QUOTED_INCLUDE_IN_FRAMEWORK_HEADER = YES;
				CLANG_WARN_RANGE_LOOP_ANALYSIS = YES;
				CLANG_WARN_STRICT_PROTOTYPES = YES;
				CLANG_WARN_SUSPICIOUS_MOVE = YES;
				CLANG_WARN_UNGUARDED_AVAILABILITY = YES_AGGRESSIVE;
				CLANG_WARN_UNREACHABLE_CODE = YES;
				CLANG_WARN__DUPLICATE_METHOD_MATCH = YES;
				COPY_PHASE_STRIP = NO;
				DEBUG_INFORMATION_FORMAT = "dwarf-with-dsym";
				ENABLE_NS_ASSERTIONS = NO;
				ENABLE_STRICT_OBJC_MSGSEND = YES;
				GCC_C_LANGUAGE_STANDARD = gnu11;
				GCC_NO_COMMON_BLOCKS = YES;
				GCC_WARN_64_TO_32_BIT_CONVERSION = YES;
				GCC_WARN_ABOUT_RETURN_TYPE = YES_ERROR;
				GCC_WARN_UNDECLARED_SELECTOR = YES;
				GCC_WARN_UNINITIALIZED_AUTOS = YES_AGGRESSIVE;
				GCC_WARN_UNUSED_FUNCTION = YES;
				GCC_WARN_UNUSED_VARIABLE = YES;
				IPHONEOS_DEPLOYMENT_TARGET = 14.0;
				MTL_ENABLE_DEBUG_INFO = NO;
				MTL_FAST_MATH = YES;
				SDKROOT = iphoneos;
				SWIFT_COMPILATION_MODE = wholemodule;
				SWIFT_OPTIMIZATION_LEVEL = "-O";
				VALIDATE_PRODUCT = YES;
			};
			name = Release;
		};
		E126D452253974BD00ECA5FA /* Debug */ = {
			isa = XCBuildConfiguration;
			buildSettings = {
				ASSETCATALOG_COMPILER_APPICON_NAME = AppIcon;
				ASSETCATALOG_COMPILER_GLOBAL_ACCENT_COLOR_NAME = AccentColor;
				CODE_SIGN_STYLE = Automatic;
				DEVELOPMENT_TEAM = XWVP4F494Z;
				INFOPLIST_FILE = "GitHub Followers 2/Info.plist";
				IPHONEOS_DEPLOYMENT_TARGET = 14.2;
				LD_RUNPATH_SEARCH_PATHS = (
					"$(inherited)",
					"@executable_path/Frameworks",
				);
				PRODUCT_BUNDLE_IDENTIFIER = "dev.jasonpinlac.GitHub-Followers-2";
				PRODUCT_NAME = "$(TARGET_NAME)";
				SWIFT_VERSION = 5.0;
				TARGETED_DEVICE_FAMILY = 1;
			};
			name = Debug;
		};
		E126D453253974BD00ECA5FA /* Release */ = {
			isa = XCBuildConfiguration;
			buildSettings = {
				ASSETCATALOG_COMPILER_APPICON_NAME = AppIcon;
				ASSETCATALOG_COMPILER_GLOBAL_ACCENT_COLOR_NAME = AccentColor;
				CODE_SIGN_STYLE = Automatic;
				DEVELOPMENT_TEAM = XWVP4F494Z;
				INFOPLIST_FILE = "GitHub Followers 2/Info.plist";
				IPHONEOS_DEPLOYMENT_TARGET = 14.2;
				LD_RUNPATH_SEARCH_PATHS = (
					"$(inherited)",
					"@executable_path/Frameworks",
				);
				PRODUCT_BUNDLE_IDENTIFIER = "dev.jasonpinlac.GitHub-Followers-2";
				PRODUCT_NAME = "$(TARGET_NAME)";
				SWIFT_VERSION = 5.0;
				TARGETED_DEVICE_FAMILY = 1;
			};
			name = Release;
		};
/* End XCBuildConfiguration section */

/* Begin XCConfigurationList section */
		E126D438253974B900ECA5FA /* Build configuration list for PBXProject "GitHub Followers 2" */ = {
			isa = XCConfigurationList;
			buildConfigurations = (
				E126D44F253974BD00ECA5FA /* Debug */,
				E126D450253974BD00ECA5FA /* Release */,
			);
			defaultConfigurationIsVisible = 0;
			defaultConfigurationName = Release;
		};
		E126D451253974BD00ECA5FA /* Build configuration list for PBXNativeTarget "GitHub Followers 2" */ = {
			isa = XCConfigurationList;
			buildConfigurations = (
				E126D452253974BD00ECA5FA /* Debug */,
				E126D453253974BD00ECA5FA /* Release */,
			);
			defaultConfigurationIsVisible = 0;
			defaultConfigurationName = Release;
		};
/* End XCConfigurationList section */
	};
	rootObject = E126D435253974B900ECA5FA /* Project object */;
}
